// !$*UTF8*$!
{
	archiveVersion = 1;
	classes = {
	};
	objectVersion = 48;
	objects = {

/* Begin PBXBuildFile section */
		5C1936FCC2046872FF8CB18F /* Pods_BabelCamera.framework in Frameworks */ = {isa = PBXBuildFile; fileRef = 1D37F11D3CDF12F4AB953498 /* Pods_BabelCamera.framework */; };
		63212C621F226E3500E066FD /* LanguagePickerViewController.swift in Sources */ = {isa = PBXBuildFile; fileRef = 63212C611F226E3500E066FD /* LanguagePickerViewController.swift */; };
		63212C641F226E4900E066FD /* LanguagePickerViewController.storyboard in Resources */ = {isa = PBXBuildFile; fileRef = 63212C631F226E4900E066FD /* LanguagePickerViewController.storyboard */; };
		63212C671F227EC700E066FD /* String+UTF8Decoding.swift in Sources */ = {isa = PBXBuildFile; fileRef = 63212C661F227EC700E066FD /* String+UTF8Decoding.swift */; };
		63900F2A1F17DA7A00DAA187 /* AppDelegate.swift in Sources */ = {isa = PBXBuildFile; fileRef = 63900F291F17DA7A00DAA187 /* AppDelegate.swift */; };
		63900F2C1F17DA7A00DAA187 /* ViewController.swift in Sources */ = {isa = PBXBuildFile; fileRef = 63900F2B1F17DA7A00DAA187 /* ViewController.swift */; };
		63900F2F1F17DA7A00DAA187 /* Main.storyboard in Resources */ = {isa = PBXBuildFile; fileRef = 63900F2D1F17DA7A00DAA187 /* Main.storyboard */; };
		63900F311F17DA7A00DAA187 /* Assets.xcassets in Resources */ = {isa = PBXBuildFile; fileRef = 63900F301F17DA7A00DAA187 /* Assets.xcassets */; };
		63900F341F17DA7A00DAA187 /* LaunchScreen.storyboard in Resources */ = {isa = PBXBuildFile; fileRef = 63900F321F17DA7A00DAA187 /* LaunchScreen.storyboard */; };
		63900F3C1F17DAA400DAA187 /* CameraService.swift in Sources */ = {isa = PBXBuildFile; fileRef = 63900F3B1F17DAA400DAA187 /* CameraService.swift */; };
		63900F3E1F17E17200DAA187 /* UIView+BindToSuperview.swift in Sources */ = {isa = PBXBuildFile; fileRef = 63900F3D1F17E17200DAA187 /* UIView+BindToSuperview.swift */; };
		63900F401F17E1D500DAA187 /* CameraPreviewView.swift in Sources */ = {isa = PBXBuildFile; fileRef = 63900F3F1F17E1D500DAA187 /* CameraPreviewView.swift */; };
		63900F471F182DBF00DAA187 /* VisionService.swift in Sources */ = {isa = PBXBuildFile; fileRef = 63900F461F182DBF00DAA187 /* VisionService.swift */; };
		63900F491F182DE500DAA187 /* SqueezeNet.mlmodel in Sources */ = {isa = PBXBuildFile; fileRef = 63900F481F182DE500DAA187 /* SqueezeNet.mlmodel */; };
		63900F4B1F1837A000DAA187 /* SpeechService.swift in Sources */ = {isa = PBXBuildFile; fileRef = 63900F4A1F1837A000DAA187 /* SpeechService.swift */; };
		63900F4D1F183F8400DAA187 /* TranslationService.swift in Sources */ = {isa = PBXBuildFile; fileRef = 63900F4C1F183F8400DAA187 /* TranslationService.swift */; };
		63900F501F195E7F00DAA187 /* Language.swift in Sources */ = {isa = PBXBuildFile; fileRef = 63900F4F1F195E7F00DAA187 /* Language.swift */; };
/* End PBXBuildFile section */

/* Begin PBXFileReference section */
		1D37F11D3CDF12F4AB953498 /* Pods_BabelCamera.framework */ = {isa = PBXFileReference; explicitFileType = wrapper.framework; includeInIndex = 0; path = Pods_BabelCamera.framework; sourceTree = BUILT_PRODUCTS_DIR; };
		63212C611F226E3500E066FD /* LanguagePickerViewController.swift */ = {isa = PBXFileReference; lastKnownFileType = sourcecode.swift; path = LanguagePickerViewController.swift; sourceTree = "<group>"; };
		63212C631F226E4900E066FD /* LanguagePickerViewController.storyboard */ = {isa = PBXFileReference; lastKnownFileType = file.storyboard; path = LanguagePickerViewController.storyboard; sourceTree = "<group>"; };
		63212C661F227EC700E066FD /* String+UTF8Decoding.swift */ = {isa = PBXFileReference; lastKnownFileType = sourcecode.swift; path = "String+UTF8Decoding.swift"; sourceTree = "<group>"; };
		63212C691F22BD9300E066FD /* Config.xcconfig */ = {isa = PBXFileReference; lastKnownFileType = text.xcconfig; path = Config.xcconfig; sourceTree = "<group>"; };
		63900F261F17DA7A00DAA187 /* BabelCamera.app */ = {isa = PBXFileReference; explicitFileType = wrapper.application; includeInIndex = 0; path = BabelCamera.app; sourceTree = BUILT_PRODUCTS_DIR; };
		63900F291F17DA7A00DAA187 /* AppDelegate.swift */ = {isa = PBXFileReference; lastKnownFileType = sourcecode.swift; path = AppDelegate.swift; sourceTree = "<group>"; };
		63900F2B1F17DA7A00DAA187 /* ViewController.swift */ = {isa = PBXFileReference; lastKnownFileType = sourcecode.swift; path = ViewController.swift; sourceTree = "<group>"; };
		63900F2E1F17DA7A00DAA187 /* Base */ = {isa = PBXFileReference; lastKnownFileType = file.storyboard; name = Base; path = Base.lproj/Main.storyboard; sourceTree = "<group>"; };
		63900F301F17DA7A00DAA187 /* Assets.xcassets */ = {isa = PBXFileReference; lastKnownFileType = folder.assetcatalog; path = Assets.xcassets; sourceTree = "<group>"; };
		63900F331F17DA7A00DAA187 /* Base */ = {isa = PBXFileReference; lastKnownFileType = file.storyboard; name = Base; path = Base.lproj/LaunchScreen.storyboard; sourceTree = "<group>"; };
		63900F351F17DA7A00DAA187 /* Info.plist */ = {isa = PBXFileReference; lastKnownFileType = text.plist.xml; path = Info.plist; sourceTree = "<group>"; };
		63900F3B1F17DAA400DAA187 /* CameraService.swift */ = {isa = PBXFileReference; lastKnownFileType = sourcecode.swift; path = CameraService.swift; sourceTree = "<group>"; };
		63900F3D1F17E17200DAA187 /* UIView+BindToSuperview.swift */ = {isa = PBXFileReference; lastKnownFileType = sourcecode.swift; path = "UIView+BindToSuperview.swift"; sourceTree = "<group>"; };
		63900F3F1F17E1D500DAA187 /* CameraPreviewView.swift */ = {isa = PBXFileReference; lastKnownFileType = sourcecode.swift; path = CameraPreviewView.swift; sourceTree = "<group>"; };
		63900F461F182DBF00DAA187 /* VisionService.swift */ = {isa = PBXFileReference; lastKnownFileType = sourcecode.swift; path = VisionService.swift; sourceTree = "<group>"; };
		63900F481F182DE500DAA187 /* SqueezeNet.mlmodel */ = {isa = PBXFileReference; lastKnownFileType = file.mlmodel; name = SqueezeNet.mlmodel; path = ../../../../Downloads/SqueezeNet.mlmodel; sourceTree = "<group>"; };
		63900F4A1F1837A000DAA187 /* SpeechService.swift */ = {isa = PBXFileReference; lastKnownFileType = sourcecode.swift; path = SpeechService.swift; sourceTree = "<group>"; };
		63900F4C1F183F8400DAA187 /* TranslationService.swift */ = {isa = PBXFileReference; lastKnownFileType = sourcecode.swift; path = TranslationService.swift; sourceTree = "<group>"; };
		63900F4F1F195E7F00DAA187 /* Language.swift */ = {isa = PBXFileReference; lastKnownFileType = sourcecode.swift; path = Language.swift; sourceTree = "<group>"; };
		7F1EC6CF530C7D4113F75665 /* Pods-BabelCamera.debug.xcconfig */ = {isa = PBXFileReference; includeInIndex = 1; lastKnownFileType = text.xcconfig; name = "Pods-BabelCamera.debug.xcconfig"; path = "Pods/Target Support Files/Pods-BabelCamera/Pods-BabelCamera.debug.xcconfig"; sourceTree = "<group>"; };
		F0174092903DB2C2A75D77BB /* Pods-BabelCamera.release.xcconfig */ = {isa = PBXFileReference; includeInIndex = 1; lastKnownFileType = text.xcconfig; name = "Pods-BabelCamera.release.xcconfig"; path = "Pods/Target Support Files/Pods-BabelCamera/Pods-BabelCamera.release.xcconfig"; sourceTree = "<group>"; };
/* End PBXFileReference section */

/* Begin PBXFrameworksBuildPhase section */
		63900F231F17DA7A00DAA187 /* Frameworks */ = {
			isa = PBXFrameworksBuildPhase;
			buildActionMask = 2147483647;
			files = (
				5C1936FCC2046872FF8CB18F /* Pods_BabelCamera.framework in Frameworks */,
			);
			runOnlyForDeploymentPostprocessing = 0;
		};
/* End PBXFrameworksBuildPhase section */

/* Begin PBXGroup section */
		52330CD6B79197C41F5141CC /* Pods */ = {
			isa = PBXGroup;
			children = (
				7F1EC6CF530C7D4113F75665 /* Pods-BabelCamera.debug.xcconfig */,
				F0174092903DB2C2A75D77BB /* Pods-BabelCamera.release.xcconfig */,
			);
			name = Pods;
			sourceTree = "<group>";
		};
		63212C651F227EA500E066FD /* Extensions */ = {
			isa = PBXGroup;
			children = (
				63900F3D1F17E17200DAA187 /* UIView+BindToSuperview.swift */,
				63212C661F227EC700E066FD /* String+UTF8Decoding.swift */,
			);
			path = Extensions;
			sourceTree = "<group>";
		};
		63900F1D1F17DA7A00DAA187 = {
			isa = PBXGroup;
			children = (
				63900F281F17DA7A00DAA187 /* BabelCamera */,
				63900F271F17DA7A00DAA187 /* Products */,
				52330CD6B79197C41F5141CC /* Pods */,
				6F8C779AD19DC658FA95B142 /* Frameworks */,
			);
			sourceTree = "<group>";
		};
		63900F271F17DA7A00DAA187 /* Products */ = {
			isa = PBXGroup;
			children = (
				63900F261F17DA7A00DAA187 /* BabelCamera.app */,
			);
			name = Products;
			sourceTree = "<group>";
		};
		63900F281F17DA7A00DAA187 /* BabelCamera */ = {
			isa = PBXGroup;
			children = (
				63900F291F17DA7A00DAA187 /* AppDelegate.swift */,
				63900F461F182DBF00DAA187 /* VisionService.swift */,
				63900F411F17E1E000DAA187 /* Camera */,
				63900F4E1F195E7000DAA187 /* Translation */,
				63900F4A1F1837A000DAA187 /* SpeechService.swift */,
				63900F2B1F17DA7A00DAA187 /* ViewController.swift */,
				63212C651F227EA500E066FD /* Extensions */,
				63900F481F182DE500DAA187 /* SqueezeNet.mlmodel */,
				63900F2D1F17DA7A00DAA187 /* Main.storyboard */,
				63900F301F17DA7A00DAA187 /* Assets.xcassets */,
				63900F321F17DA7A00DAA187 /* LaunchScreen.storyboard */,
				63900F351F17DA7A00DAA187 /* Info.plist */,
				63212C691F22BD9300E066FD /* Config.xcconfig */,
			);
			path = BabelCamera;
			sourceTree = "<group>";
		};
		63900F411F17E1E000DAA187 /* Camera */ = {
			isa = PBXGroup;
			children = (
				63900F3B1F17DAA400DAA187 /* CameraService.swift */,
				63900F3F1F17E1D500DAA187 /* CameraPreviewView.swift */,
			);
			path = Camera;
			sourceTree = "<group>";
		};
		63900F4E1F195E7000DAA187 /* Translation */ = {
			isa = PBXGroup;
			children = (
				63900F4C1F183F8400DAA187 /* TranslationService.swift */,
				63900F4F1F195E7F00DAA187 /* Language.swift */,
				63212C611F226E3500E066FD /* LanguagePickerViewController.swift */,
				63212C631F226E4900E066FD /* LanguagePickerViewController.storyboard */,
			);
			path = Translation;
			sourceTree = "<group>";
		};
		6F8C779AD19DC658FA95B142 /* Frameworks */ = {
			isa = PBXGroup;
			children = (
				1D37F11D3CDF12F4AB953498 /* Pods_BabelCamera.framework */,
			);
			name = Frameworks;
			sourceTree = "<group>";
		};
/* End PBXGroup section */

/* Begin PBXNativeTarget section */
		63900F251F17DA7A00DAA187 /* BabelCamera */ = {
			isa = PBXNativeTarget;
			buildConfigurationList = 63900F381F17DA7A00DAA187 /* Build configuration list for PBXNativeTarget "BabelCamera" */;
			buildPhases = (
				CD429569D1A9BD5D6FB8299C /* [CP] Check Pods Manifest.lock */,
				63900F221F17DA7A00DAA187 /* Sources */,
				63900F231F17DA7A00DAA187 /* Frameworks */,
				63900F241F17DA7A00DAA187 /* Resources */,
				63900F421F17EADA00DAA187 /* Run Linter */,
				6554B143867CC5FB7B5F2DBF /* [CP] Embed Pods Frameworks */,
				A5F946BC5124D50E965EB17C /* [CP] Copy Pods Resources */,
			);
			buildRules = (
			);
			dependencies = (
			);
			name = BabelCamera;
			productName = BabelCamera;
			productReference = 63900F261F17DA7A00DAA187 /* BabelCamera.app */;
			productType = "com.apple.product-type.application";
		};
/* End PBXNativeTarget section */

/* Begin PBXProject section */
		63900F1E1F17DA7A00DAA187 /* Project object */ = {
			isa = PBXProject;
			attributes = {
				LastSwiftUpdateCheck = 0900;
				LastUpgradeCheck = 0900;
				ORGANIZATIONNAME = AcroMace;
				TargetAttributes = {
					63900F251F17DA7A00DAA187 = {
						CreatedOnToolsVersion = 9.0;
					};
				};
			};
			buildConfigurationList = 63900F211F17DA7A00DAA187 /* Build configuration list for PBXProject "BabelCamera" */;
			compatibilityVersion = "Xcode 8.0";
			developmentRegion = en;
			hasScannedForEncodings = 0;
			knownRegions = (
				en,
				Base,
			);
			mainGroup = 63900F1D1F17DA7A00DAA187;
			productRefGroup = 63900F271F17DA7A00DAA187 /* Products */;
			projectDirPath = "";
			projectRoot = "";
			targets = (
				63900F251F17DA7A00DAA187 /* BabelCamera */,
			);
		};
/* End PBXProject section */

/* Begin PBXResourcesBuildPhase section */
		63900F241F17DA7A00DAA187 /* Resources */ = {
			isa = PBXResourcesBuildPhase;
			buildActionMask = 2147483647;
			files = (
				63900F341F17DA7A00DAA187 /* LaunchScreen.storyboard in Resources */,
				63900F311F17DA7A00DAA187 /* Assets.xcassets in Resources */,
				63900F2F1F17DA7A00DAA187 /* Main.storyboard in Resources */,
				63212C641F226E4900E066FD /* LanguagePickerViewController.storyboard in Resources */,
			);
			runOnlyForDeploymentPostprocessing = 0;
		};
/* End PBXResourcesBuildPhase section */

/* Begin PBXShellScriptBuildPhase section */
		63900F421F17EADA00DAA187 /* Run Linter */ = {
			isa = PBXShellScriptBuildPhase;
			buildActionMask = 2147483647;
			files = (
			);
			inputPaths = (
			);
			name = "Run Linter";
			outputPaths = (
			);
			runOnlyForDeploymentPostprocessing = 0;
			shellPath = /bin/sh;
			shellScript = "if which swiftlint >/dev/null; then\n    swiftlint\n    swiftlint autocorrect\nelse\n    echo \"warning: SwiftLint not installed, download from https://github.com/realm/SwiftLint\"\nfi";
		};
		6554B143867CC5FB7B5F2DBF /* [CP] Embed Pods Frameworks */ = {
			isa = PBXShellScriptBuildPhase;
			buildActionMask = 2147483647;
			files = (
			);
			inputPaths = (
			);
			name = "[CP] Embed Pods Frameworks";
			outputPaths = (
			);
			runOnlyForDeploymentPostprocessing = 0;
			shellPath = /bin/sh;
			shellScript = "\"${SRCROOT}/Pods/Target Support Files/Pods-BabelCamera/Pods-BabelCamera-frameworks.sh\"\n";
			showEnvVarsInLog = 0;
		};
		A5F946BC5124D50E965EB17C /* [CP] Copy Pods Resources */ = {
			isa = PBXShellScriptBuildPhase;
			buildActionMask = 2147483647;
			files = (
			);
			inputPaths = (
			);
			name = "[CP] Copy Pods Resources";
			outputPaths = (
			);
			runOnlyForDeploymentPostprocessing = 0;
			shellPath = /bin/sh;
			shellScript = "\"${SRCROOT}/Pods/Target Support Files/Pods-BabelCamera/Pods-BabelCamera-resources.sh\"\n";
			showEnvVarsInLog = 0;
		};
		CD429569D1A9BD5D6FB8299C /* [CP] Check Pods Manifest.lock */ = {
			isa = PBXShellScriptBuildPhase;
			buildActionMask = 2147483647;
			files = (
			);
			inputPaths = (
			);
			name = "[CP] Check Pods Manifest.lock";
			outputPaths = (
			);
			runOnlyForDeploymentPostprocessing = 0;
			shellPath = /bin/sh;
			shellScript = "diff \"${PODS_PODFILE_DIR_PATH}/Podfile.lock\" \"${PODS_ROOT}/Manifest.lock\" > /dev/null\nif [ $? != 0 ] ; then\n    # print error to STDERR\n    echo \"error: The sandbox is not in sync with the Podfile.lock. Run 'pod install' or update your CocoaPods installation.\" >&2\n    exit 1\nfi\n";
			showEnvVarsInLog = 0;
		};
/* End PBXShellScriptBuildPhase section */

/* Begin PBXSourcesBuildPhase section */
		63900F221F17DA7A00DAA187 /* Sources */ = {
			isa = PBXSourcesBuildPhase;
			buildActionMask = 2147483647;
			files = (
				63900F2C1F17DA7A00DAA187 /* ViewController.swift in Sources */,
				63900F501F195E7F00DAA187 /* Language.swift in Sources */,
				63212C671F227EC700E066FD /* String+UTF8Decoding.swift in Sources */,
				63900F471F182DBF00DAA187 /* VisionService.swift in Sources */,
				63900F3E1F17E17200DAA187 /* UIView+BindToSuperview.swift in Sources */,
				63900F491F182DE500DAA187 /* SqueezeNet.mlmodel in Sources */,
				63900F401F17E1D500DAA187 /* CameraPreviewView.swift in Sources */,
				63212C621F226E3500E066FD /* LanguagePickerViewController.swift in Sources */,
				63900F4D1F183F8400DAA187 /* TranslationService.swift in Sources */,
				63900F2A1F17DA7A00DAA187 /* AppDelegate.swift in Sources */,
				63900F3C1F17DAA400DAA187 /* CameraService.swift in Sources */,
				63900F4B1F1837A000DAA187 /* SpeechService.swift in Sources */,
			);
			runOnlyForDeploymentPostprocessing = 0;
		};
/* End PBXSourcesBuildPhase section */

/* Begin PBXVariantGroup section */
		63900F2D1F17DA7A00DAA187 /* Main.storyboard */ = {
			isa = PBXVariantGroup;
			children = (
				63900F2E1F17DA7A00DAA187 /* Base */,
			);
			name = Main.storyboard;
			sourceTree = "<group>";
		};
		63900F321F17DA7A00DAA187 /* LaunchScreen.storyboard */ = {
			isa = PBXVariantGroup;
			children = (
				63900F331F17DA7A00DAA187 /* Base */,
			);
			name = LaunchScreen.storyboard;
			sourceTree = "<group>";
		};
/* End PBXVariantGroup section */

/* Begin XCBuildConfiguration section */
		63900F361F17DA7A00DAA187 /* Debug */ = {
			isa = XCBuildConfiguration;
			baseConfigurationReference = 63212C691F22BD9300E066FD /* Config.xcconfig */;
			buildSettings = {
				ALWAYS_SEARCH_USER_PATHS = NO;
				CLANG_ANALYZER_NONNULL = YES;
				CLANG_ANALYZER_NUMBER_OBJECT_CONVERSION = YES_AGGRESSIVE;
				CLANG_CXX_LANGUAGE_STANDARD = "gnu++14";
				CLANG_CXX_LIBRARY = "libc++";
				CLANG_ENABLE_MODULES = YES;
				CLANG_ENABLE_OBJC_ARC = YES;
				CLANG_WARN_BLOCK_CAPTURE_AUTORELEASING = YES;
				CLANG_WARN_BOOL_CONVERSION = YES;
				CLANG_WARN_COMMA = YES;
				CLANG_WARN_CONSTANT_CONVERSION = YES;
				CLANG_WARN_DIRECT_OBJC_ISA_USAGE = YES_ERROR;
				CLANG_WARN_DOCUMENTATION_COMMENTS = YES;
				CLANG_WARN_EMPTY_BODY = YES;
				CLANG_WARN_ENUM_CONVERSION = YES;
				CLANG_WARN_INFINITE_RECURSION = YES;
				CLANG_WARN_INT_CONVERSION = YES;
				CLANG_WARN_NON_LITERAL_NULL_CONVERSION = YES;
				CLANG_WARN_OBJC_LITERAL_CONVERSION = YES;
				CLANG_WARN_OBJC_ROOT_CLASS = YES_ERROR;
				CLANG_WARN_RANGE_LOOP_ANALYSIS = YES;
				CLANG_WARN_STRICT_PROTOTYPES = YES;
				CLANG_WARN_SUSPICIOUS_MOVE = YES;
				CLANG_WARN_UNGUARDED_AVAILABILITY = YES_AGGRESSIVE;
				CLANG_WARN_UNREACHABLE_CODE = YES;
				CLANG_WARN__DUPLICATE_METHOD_MATCH = YES;
				CODE_SIGN_IDENTITY = "iPhone Developer";
				COPY_PHASE_STRIP = NO;
				DEBUG_INFORMATION_FORMAT = dwarf;
				ENABLE_STRICT_OBJC_MSGSEND = YES;
				ENABLE_TESTABILITY = YES;
				GCC_C_LANGUAGE_STANDARD = gnu11;
				GCC_DYNAMIC_NO_PIC = NO;
				GCC_NO_COMMON_BLOCKS = YES;
				GCC_OPTIMIZATION_LEVEL = 0;
				GCC_PREPROCESSOR_DEFINITIONS = (
					"DEBUG=1",
					"$(inherited)",
				);
				GCC_WARN_64_TO_32_BIT_CONVERSION = YES;
				GCC_WARN_ABOUT_RETURN_TYPE = YES_ERROR;
				GCC_WARN_UNDECLARED_SELECTOR = YES;
				GCC_WARN_UNINITIALIZED_AUTOS = YES_AGGRESSIVE;
				GCC_WARN_UNUSED_FUNCTION = YES;
				GCC_WARN_UNUSED_VARIABLE = YES;
				IPHONEOS_DEPLOYMENT_TARGET = 11.0;
				MTL_ENABLE_DEBUG_INFO = YES;
				ONLY_ACTIVE_ARCH = YES;
				SDKROOT = iphoneos;
				SWIFT_ACTIVE_COMPILATION_CONDITIONS = DEBUG;
				SWIFT_OPTIMIZATION_LEVEL = "-Onone";
			};
			name = Debug;
		};
		63900F371F17DA7A00DAA187 /* Release */ = {
			isa = XCBuildConfiguration;
			baseConfigurationReference = 63212C691F22BD9300E066FD /* Config.xcconfig */;
			buildSettings = {
				ALWAYS_SEARCH_USER_PATHS = NO;
				CLANG_ANALYZER_NONNULL = YES;
				CLANG_ANALYZER_NUMBER_OBJECT_CONVERSION = YES_AGGRESSIVE;
				CLANG_CXX_LANGUAGE_STANDARD = "gnu++14";
				CLANG_CXX_LIBRARY = "libc++";
				CLANG_ENABLE_MODULES = YES;
				CLANG_ENABLE_OBJC_ARC = YES;
				CLANG_WARN_BLOCK_CAPTURE_AUTORELEASING = YES;
				CLANG_WARN_BOOL_CONVERSION = YES;
				CLANG_WARN_COMMA = YES;
				CLANG_WARN_CONSTANT_CONVERSION = YES;
				CLANG_WARN_DIRECT_OBJC_ISA_USAGE = YES_ERROR;
				CLANG_WARN_DOCUMENTATION_COMMENTS = YES;
				CLANG_WARN_EMPTY_BODY = YES;
				CLANG_WARN_ENUM_CONVERSION = YES;
				CLANG_WARN_INFINITE_RECURSION = YES;
				CLANG_WARN_INT_CONVERSION = YES;
				CLANG_WARN_NON_LITERAL_NULL_CONVERSION = YES;
				CLANG_WARN_OBJC_LITERAL_CONVERSION = YES;
				CLANG_WARN_OBJC_ROOT_CLASS = YES_ERROR;
				CLANG_WARN_RANGE_LOOP_ANALYSIS = YES;
				CLANG_WARN_STRICT_PROTOTYPES = YES;
				CLANG_WARN_SUSPICIOUS_MOVE = YES;
				CLANG_WARN_UNGUARDED_AVAILABILITY = YES_AGGRESSIVE;
				CLANG_WARN_UNREACHABLE_CODE = YES;
				CLANG_WARN__DUPLICATE_METHOD_MATCH = YES;
				CODE_SIGN_IDENTITY = "iPhone Developer";
				COPY_PHASE_STRIP = NO;
				DEBUG_INFORMATION_FORMAT = "dwarf-with-dsym";
				ENABLE_NS_ASSERTIONS = NO;
				ENABLE_STRICT_OBJC_MSGSEND = YES;
				GCC_C_LANGUAGE_STANDARD = gnu11;
				GCC_NO_COMMON_BLOCKS = YES;
				GCC_WARN_64_TO_32_BIT_CONVERSION = YES;
				GCC_WARN_ABOUT_RETURN_TYPE = YES_ERROR;
				GCC_WARN_UNDECLARED_SELECTOR = YES;
				GCC_WARN_UNINITIALIZED_AUTOS = YES_AGGRESSIVE;
				GCC_WARN_UNUSED_FUNCTION = YES;
				GCC_WARN_UNUSED_VARIABLE = YES;
				IPHONEOS_DEPLOYMENT_TARGET = 11.0;
				MTL_ENABLE_DEBUG_INFO = NO;
				SDKROOT = iphoneos;
				SWIFT_OPTIMIZATION_LEVEL = "-Owholemodule";
				VALIDATE_PRODUCT = YES;
			};
			name = Release;
		};
		63900F391F17DA7A00DAA187 /* Debug */ = {
			isa = XCBuildConfiguration;
			baseConfigurationReference = 7F1EC6CF530C7D4113F75665 /* Pods-BabelCamera.debug.xcconfig */;
			buildSettings = {
				ASSETCATALOG_COMPILER_APPICON_NAME = AppIcon;
				DEVELOPMENT_TEAM = N92XZM98NX;
				INFOPLIST_FILE = BabelCamera/Info.plist;
				LD_RUNPATH_SEARCH_PATHS = "$(inherited) @executable_path/Frameworks";
				PRODUCT_BUNDLE_IDENTIFIER = com.acromace.BabelCamera;
				PRODUCT_NAME = "$(TARGET_NAME)";
				SWIFT_VERSION = 4.0;
				TARGETED_DEVICE_FAMILY = "1,2";
			};
			name = Debug;
		};
		63900F3A1F17DA7A00DAA187 /* Release */ = {
			isa = XCBuildConfiguration;
			baseConfigurationReference = F0174092903DB2C2A75D77BB /* Pods-BabelCamera.release.xcconfig */;
			buildSettings = {
				ASSETCATALOG_COMPILER_APPICON_NAME = AppIcon;
				DEVELOPMENT_TEAM = N92XZM98NX;
				INFOPLIST_FILE = BabelCamera/Info.plist;
				LD_RUNPATH_SEARCH_PATHS = "$(inherited) @executable_path/Frameworks";
				PRODUCT_BUNDLE_IDENTIFIER = com.acromace.BabelCamera;
				PRODUCT_NAME = "$(TARGET_NAME)";
				SWIFT_VERSION = 4.0;
				TARGETED_DEVICE_FAMILY = "1,2";
			};
			name = Release;
		};
/* End XCBuildConfiguration section */

/* Begin XCConfigurationList section */
		63900F211F17DA7A00DAA187 /* Build configuration list for PBXProject "BabelCamera" */ = {
			isa = XCConfigurationList;
			buildConfigurations = (
				63900F361F17DA7A00DAA187 /* Debug */,
				63900F371F17DA7A00DAA187 /* Release */,
			);
			defaultConfigurationIsVisible = 0;
			defaultConfigurationName = Release;
		};
		63900F381F17DA7A00DAA187 /* Build configuration list for PBXNativeTarget "BabelCamera" */ = {
			isa = XCConfigurationList;
			buildConfigurations = (
				63900F391F17DA7A00DAA187 /* Debug */,
				63900F3A1F17DA7A00DAA187 /* Release */,
			);
			defaultConfigurationIsVisible = 0;
			defaultConfigurationName = Release;
		};
/* End XCConfigurationList section */
	};
	rootObject = 63900F1E1F17DA7A00DAA187 /* Project object */;
}
